<?xml version="1.0" encoding="utf-8"?>
<Project ToolsVersion="4.0" xmlns="http://schemas.microsoft.com/developer/msbuild/2003">
  <ItemGroup>
    <Filter Include="Source Files">
      <UniqueIdentifier>{4FC737F1-C7A5-4376-A066-2A32D752A2FF}</UniqueIdentifier>
      <Extensions>cpp;cxx;c;def</Extensions>
    </Filter>
    <Filter Include="Header Files">
      <UniqueIdentifier>{93995380-89BD-4b04-88EB-625FBE52EBFB}</UniqueIdentifier>
      <Extensions>h</Extensions>
    </Filter>
    <Filter Include="Form Files">
      <UniqueIdentifier>{99349809-55BA-4b9d-BF79-8FDBB0286EB3}</UniqueIdentifier>
      <Extensions>ui</Extensions>
    </Filter>
    <Filter Include="Resource Files">
      <UniqueIdentifier>{D9D6E242-F8AF-46E4-B9FD-80ECBC20BA3E}</UniqueIdentifier>
      <Extensions>qrc;*</Extensions>
      <ParseFiles>false</ParseFiles>
    </Filter>
    <Filter Include="Generated Files">
      <UniqueIdentifier>{71ED8ED8-ACB9-4CE9-BBE1-E00B30144E11}</UniqueIdentifier>
      <Extensions>moc;h;cpp</Extensions>
      <SourceControlFiles>False</SourceControlFiles>
    </Filter>
    <Filter Include="Generated Files\Debug">
      <UniqueIdentifier>{60c28a08-d4bb-4e30-a1e0-e1c084bd5988}</UniqueIdentifier>
      <Extensions>cpp;moc</Extensions>
      <SourceControlFiles>False</SourceControlFiles>
    </Filter>
    <Filter Include="Generated Files\Release">
      <UniqueIdentifier>{9a2c06f1-fbcd-4821-8ec7-cc2d2f9fecb8}</UniqueIdentifier>
      <Extensions>cpp;moc</Extensions>
      <SourceControlFiles>False</SourceControlFiles>
    </Filter>
    <Filter Include="Shaders">
      <UniqueIdentifier>{796f9f45-33bf-43a7-858a-7ed60aa10935}</UniqueIdentifier>
    </Filter>
    <Filter Include="../TransferFunctionEditor">
      <UniqueIdentifier>{18669bee-e261-402f-bcbe-c5e8e3ba196f}</UniqueIdentifier>
    </Filter>
  </ItemGroup>
  <ItemGroup>
    <ClCompile Include="main.cpp">
      <Filter>Source Files</Filter>
    </ClCompile>
    <ClCompile Include="BurnsContours.cpp">
      <Filter>Source Files</Filter>
    </ClCompile>
    <ClCompile Include="Camera.cpp">
      <Filter>Source Files</Filter>
    </ClCompile>
    <ClCompile Include="CPURaycaster.cpp">
      <Filter>Source Files</Filter>
    </ClCompile>
    <ClCompile Include="CPURenderer.cpp">
      <Filter>Source Files</Filter>
    </ClCompile>
    <ClCompile Include="GPUContours.cpp">
      <Filter>Source Files</Filter>
    </ClCompile>
    <ClCompile Include="GPURaycaster.cpp">
      <Filter>Source Files</Filter>
    </ClCompile>
    <ClCompile Include="MarchingCubesRenderer.cpp">
      <Filter>Source Files</Filter>
    </ClCompile>
    <ClCompile Include="OpenGLRenderer.cpp">
      <Filter>Source Files</Filter>
    </ClCompile>
    <ClCompile Include="QtWidget.cpp">
      <Filter>Source Files</Filter>
    </ClCompile>
    <ClCompile Include="Shader.cpp">
      <Filter>Source Files</Filter>
    </ClCompile>
    <ClCompile Include="ShaderManager.cpp">
      <Filter>Source Files</Filter>
    </ClCompile>
    <ClCompile Include="TransferFunction.cpp">
      <Filter>Source Files</Filter>
    </ClCompile>
    <ClCompile Include="VolumeDataset.cpp">
      <Filter>Source Files</Filter>
    </ClCompile>
    <ClCompile Include="VolumeRenderer.cpp">
      <Filter>Source Files</Filter>
    </ClCompile>
    <ClCompile Include="VoxelReader.cpp">
      <Filter>Source Files</Filter>
    </ClCompile>
    <ClCompile Include="XToon.cpp">
      <Filter>Source Files</Filter>
    </ClCompile>
    <ClCompile Include="GeneratedFiles\Debug\moc_QtWidget.cpp">
      <Filter>Generated Files\Debug</Filter>
    </ClCompile>
    <ClCompile Include="GeneratedFiles\Release\moc_QtWidget.cpp">
      <Filter>Generated Files\Release</Filter>
    </ClCompile>
    <ClCompile Include="GeneratedFiles\qrc_volumerenderer.cpp">
      <Filter>Generated Files</Filter>
    </ClCompile>
    <ClCompile Include="IntensityTFOptimizer.cpp">
      <Filter>Source Files</Filter>
    </ClCompile>
    <ClCompile Include="..\TransferFunctionEditor\edge.cpp">
      <Filter>../TransferFunctionEditor</Filter>
    </ClCompile>
    <ClCompile Include="..\TransferFunctionEditor\graphwidget.cpp">
      <Filter>../TransferFunctionEditor</Filter>
    </ClCompile>
    <ClCompile Include="..\TransferFunctionEditor\node.cpp">
      <Filter>../TransferFunctionEditor</Filter>
    </ClCompile>
    <ClCompile Include="..\TransferFunctionEditor\transferfunctioneditor.cpp">
      <Filter>../TransferFunctionEditor</Filter>
    </ClCompile>
    <ClCompile Include="GeneratedFiles\Debug\moc_graphwidget.cpp">
      <Filter>Generated Files\Debug</Filter>
    </ClCompile>
    <ClCompile Include="GeneratedFiles\Release\moc_graphwidget.cpp">
      <Filter>Generated Files\Release</Filter>
    </ClCompile>
    <ClCompile Include="GeneratedFiles\Debug\moc_transferfunctioneditor.cpp">
      <Filter>Generated Files\Debug</Filter>
    </ClCompile>
    <ClCompile Include="GeneratedFiles\Release\moc_transferfunctioneditor.cpp">
      <Filter>Generated Files\Release</Filter>
    </ClCompile>
    <ClCompile Include="GeneratedFiles\qrc_transferfunctioneditor.cpp">
      <Filter>Generated Files</Filter>
    </ClCompile>
    <ClCompile Include="VisibilityTFOptimizer.cpp">
      <Filter>Source Files</Filter>
    </ClCompile>
    <ClCompile Include="RegionGrabber.cpp">
      <Filter>Source Files</Filter>
    </ClCompile>
    <ClCompile Include="..\gl\include\tinyxml2.cpp">
      <Filter>Header Files</Filter>
    </ClCompile>
    <ClCompile Include="JoesOGLRenderer.cpp">
      <Filter>Source Files</Filter>
    </ClCompile>
    <ClCompile Include="TomsOGLRenderer.cpp">
      <Filter>Source Files</Filter>
    </ClCompile>
  </ItemGroup>
  <ItemGroup>
    <None Include="ClassDiagram.cd" />
    <None Include="ClassDiagram1.cd" />
  </ItemGroup>
  <ItemGroup>
    <ClInclude Include="BurnsContours.h">
      <Filter>Header Files</Filter>
    </ClInclude>
    <ClInclude Include="Camera.h">
      <Filter>Header Files</Filter>
    </ClInclude>
    <ClInclude Include="ContourDrawer.h">
      <Filter>Header Files</Filter>
    </ClInclude>
    <ClInclude Include="CPURaycaster.h">
      <Filter>Header Files</Filter>
    </ClInclude>
    <ClInclude Include="CPURenderer.h">
      <Filter>Header Files</Filter>
    </ClInclude>
    <ClInclude Include="GLM.h">
      <Filter>Header Files</Filter>
    </ClInclude>
    <ClInclude Include="GPUContours.h">
      <Filter>Header Files</Filter>
    </ClInclude>
    <ClInclude Include="GPURaycaster.h">
      <Filter>Header Files</Filter>
    </ClInclude>
    <ClInclude Include="MarchingCubesRenderer.h">
      <Filter>Header Files</Filter>
    </ClInclude>
    <ClInclude Include="OpenGLRenderer.h">
      <Filter>Header Files</Filter>
    </ClInclude>
    <ClInclude Include="Raycaster.h">
      <Filter>Header Files</Filter>
    </ClInclude>
    <ClInclude Include="Renderer.h">
      <Filter>Header Files</Filter>
    </ClInclude>
    <ClInclude Include="Shader.h">
      <Filter>Header Files</Filter>
    </ClInclude>
    <ClInclude Include="ShaderManager.h">
      <Filter>Header Files</Filter>
    </ClInclude>
    <ClInclude Include="tinyxml2.h">
      <Filter>Header Files</Filter>
    </ClInclude>
    <ClInclude Include="TransferFunction.h">
      <Filter>Header Files</Filter>
    </ClInclude>
    <ClInclude Include="VolumeDataset.h">
      <Filter>Header Files</Filter>
    </ClInclude>
    <ClInclude Include="VolumeRenderer.h">
      <Filter>Header Files</Filter>
    </ClInclude>
    <ClInclude Include="VoxelReader.h">
      <Filter>Header Files</Filter>
    </ClInclude>
    <ClInclude Include="XToon.h">
      <Filter>Header Files</Filter>
    </ClInclude>
    <ClInclude Include="GeneratedFiles\ui_volumerenderer.h">
      <Filter>Generated Files</Filter>
    </ClInclude>
    <ClInclude Include="CudaHeaders.h">
      <Filter>Header Files</Filter>
    </ClInclude>
    <ClInclude Include="IntensityTFOptimizer.h">
      <Filter>Header Files</Filter>
    </ClInclude>
    <ClInclude Include="RegionVisibilityOptimizer.h">
      <Filter>Header Files</Filter>
    </ClInclude>
    <ClInclude Include="VisibilityHistogram.h">
      <Filter>Header Files</Filter>
    </ClInclude>
    <ClInclude Include="..\TransferFunctionEditor\ControlEdge.h">
      <Filter>../TransferFunctionEditor</Filter>
    </ClInclude>
    <ClInclude Include="..\TransferFunctionEditor\ControlPoint.h">
      <Filter>../TransferFunctionEditor</Filter>
    </ClInclude>
    <ClInclude Include="..\TransferFunctionEditor\edge.h">
      <Filter>../TransferFunctionEditor</Filter>
    </ClInclude>
    <ClInclude Include="..\TransferFunctionEditor\node.h">
      <Filter>../TransferFunctionEditor</Filter>
    </ClInclude>
    <ClInclude Include="..\TransferFunctionEditor\TransferFunctionScene.h">
      <Filter>../TransferFunctionEditor</Filter>
    </ClInclude>
    <ClInclude Include="GeneratedFiles\ui_transferfunctioneditor.h">
      <Filter>Generated Files</Filter>
    </ClInclude>
    <ClInclude Include="VisibilityTFOptimizer.h">
      <Filter>Header Files</Filter>
    </ClInclude>
    <ClInclude Include="..\TransferFunctionEditor\import_transfer_function_editor.h">
      <Filter>../TransferFunctionEditor</Filter>
    </ClInclude>
    <ClInclude Include="..\TransferFunctionEditor\import_volume_renderer.h">
      <Filter>../TransferFunctionEditor</Filter>
    </ClInclude>
    <ClInclude Include="RegionGrabber.h">
      <Filter>Header Files</Filter>
    </ClInclude>
    <ClInclude Include="IntensityTFOptimizerV2.h">
      <Filter>Header Files</Filter>
    </ClInclude>
    <ClInclude Include="..\TransferFunctionEditor\HistogramView.h">
      <Filter>../TransferFunctionEditor</Filter>
    </ClInclude>
    <ClInclude Include="..\TransferFunctionEditor\AbstractGraphicsView.h">
      <Filter>../TransferFunctionEditor</Filter>
    </ClInclude>
  </ItemGroup>
  <ItemGroup>
    <CustomBuild Include="QtWidget.h">
      <Filter>Header Files</Filter>
    </CustomBuild>
    <CustomBuild Include="volumerenderer.qrc">
      <Filter>Resource Files</Filter>
    </CustomBuild>
    <CustomBuild Include="volumerenderer.ui">
      <Filter>Form Files</Filter>
    </CustomBuild>
    <CustomBuild Include="..\TransferFunctionEditor\graphwidget.h">
      <Filter>../TransferFunctionEditor</Filter>
    </CustomBuild>
    <CustomBuild Include="..\TransferFunctionEditor\transferfunctioneditor.h">
      <Filter>../TransferFunctionEditor</Filter>
    </CustomBuild>
    <CustomBuild Include="..\TransferFunctionEditor\TransferFunctionView.h">
      <Filter>../TransferFunctionEditor</Filter>
    </CustomBuild>
    <CustomBuild Include="..\TransferFunctionEditor\transferfunctioneditor.qrc">
      <Filter>../TransferFunctionEditor</Filter>
    </CustomBuild>
    <CustomBuild Include="..\TransferFunctionEditor\transferfunctioneditor.ui">
      <Filter>../TransferFunctionEditor</Filter>
    </CustomBuild>
  </ItemGroup>
  <ItemGroup>
    <Text Include="XToonVertShader.txt">
      <Filter>Shaders</Filter>
    </Text>
    <Text Include="NormalsFragShader.txt">
      <Filter>Shaders</Filter>
    </Text>
    <Text Include="NormalsVertShader.txt">
      <Filter>Shaders</Filter>
    </Text>
    <Text Include="OpacityFragShader.txt">
      <Filter>Shaders</Filter>
    </Text>
    <Text Include="OpacityVertShader.txt">
      <Filter>Shaders</Filter>
    </Text>
    <Text Include="RaycastFragShader.txt">
      <Filter>Shaders</Filter>
    </Text>
    <Text Include="RaycastVertShader.txt">
      <Filter>Shaders</Filter>
    </Text>
    <Text Include="ShadowFragShader.txt">
      <Filter>Shaders</Filter>
    </Text>
    <Text Include="ShadowVertShader.txt">
      <Filter>Shaders</Filter>
    </Text>
    <Text Include="SimpleFragShader.txt">
      <Filter>Shaders</Filter>
    </Text>
    <Text Include="SimpleVertShader.txt">
      <Filter>Shaders</Filter>
    </Text>
    <Text Include="SmokeFragShader.txt">
      <Filter>Shaders</Filter>
    </Text>
    <Text Include="SmokeVertShader.txt">
      <Filter>Shaders</Filter>
    </Text>
    <Text Include="TextureFragShader.txt">
      <Filter>Shaders</Filter>
    </Text>
    <Text Include="TextureVertShader.txt">
      <Filter>Shaders</Filter>
    </Text>
    <Text Include="TransFuncFragShader.txt">
      <Filter>Shaders</Filter>
    </Text>
    <Text Include="TransFuncVertShader.txt">
      <Filter>Shaders</Filter>
    </Text>
    <Text Include="VisibilityHistFragShader.txt">
      <Filter>Shaders</Filter>
    </Text>
    <Text Include="VisibilityHistVertShader.txt">
      <Filter>Shaders</Filter>
    </Text>
    <Text Include="VolumeFragShader.txt">
      <Filter>Shaders</Filter>
    </Text>
    <Text Include="VolumeVertShader.txt">
      <Filter>Shaders</Filter>
    </Text>
    <Text Include="XToonFragShader.txt">
      <Filter>Shaders</Filter>
    </Text>
    <Text Include="ComparisonFragShader.txt">
      <Filter>Shaders</Filter>
    </Text>
    <Text Include="ComparisonVertShader.txt">
      <Filter>Shaders</Filter>
    </Text>
    <Text Include="ContourFragShader.txt">
      <Filter>Shaders</Filter>
    </Text>
    <Text Include="ContourVertShader.txt">
      <Filter>Shaders</Filter>
    </Text>
    <Text Include="DepthFragShader.txt">
      <Filter>Shaders</Filter>
    </Text>
    <Text Include="DepthVertShader.txt">
      <Filter>Shaders</Filter>
    </Text>
    <Text Include="DiffuseFragShader.txt">
      <Filter>Shaders</Filter>
    </Text>
    <Text Include="DiffuseVertShader.txt">
      <Filter>Shaders</Filter>
    </Text>
    <Text Include="LightingFragShader.txt">
      <Filter>Shaders</Filter>
    </Text>
    <Text Include="LightingVertShader.txt">
      <Filter>Shaders</Filter>
    </Text>
    <Text Include="LineDepthFragShader.txt">
      <Filter>Shaders</Filter>
    </Text>
    <Text Include="LineDepthVertShader.txt">
      <Filter>Shaders</Filter>
    </Text>
    <Text Include="MarchingSurfaceFragShader.txt">
      <Filter>Shaders</Filter>
    </Text>
    <Text Include="MarchingSurfaceVertShader.txt">
      <Filter>Shaders</Filter>
    </Text>
  </ItemGroup>
  <ItemGroup>
    <CudaCompile Include="RegionVisibilityOptimizer.cu" />
    <CudaCompile Include="VisibilityHistogram.cu" />
  </ItemGroup>
</Project>