<?xml version="1.0" encoding="utf-8"?>
<Project ToolsVersion="4.0" xmlns="http://schemas.microsoft.com/developer/msbuild/2003">
  <ItemGroup>
    <Filter Include="Header Files">
      <UniqueIdentifier>{f1c40c79-3bee-4ad4-9ea9-10bcebff08dc}</UniqueIdentifier>
    </Filter>
    <Filter Include="Source Files">
      <UniqueIdentifier>{2145fd7c-6d59-4103-9825-9cf9ffa265de}</UniqueIdentifier>
    </Filter>
    <Filter Include="Resource Files">
      <UniqueIdentifier>{192aeeb1-9f2b-4df9-9f81-786324107c58}</UniqueIdentifier>
    </Filter>
  </ItemGroup>
  <ItemGroup>
    <ClCompile Include="main.cpp">
      <Filter>Source Files</Filter>
    </ClCompile>
    <ClCompile Include="Camera.cpp">
      <Filter>Source Files</Filter>
    </ClCompile>
    <ClCompile Include="GPURaycaster.cpp">
      <Filter>Source Files</Filter>
    </ClCompile>
    <ClCompile Include="Shader.cpp">
      <Filter>Source Files</Filter>
    </ClCompile>
    <ClCompile Include="ShaderManager.cpp">
      <Filter>Source Files</Filter>
    </ClCompile>
    <ClCompile Include="tinyxml2.cpp">
      <Filter>Source Files</Filter>
    </ClCompile>
    <ClCompile Include="TransferFunction.cpp">
      <Filter>Source Files</Filter>
    </ClCompile>
    <ClCompile Include="VolumeDataset.cpp">
      <Filter>Source Files</Filter>
    </ClCompile>
    <ClCompile Include="VoxelReader.cpp">
      <Filter>Source Files</Filter>
    </ClCompile>
  </ItemGroup>
  <ItemGroup>
    <ClInclude Include="Camera.h">
      <Filter>Header Files</Filter>
    </ClInclude>
    <ClInclude Include="CudaHeaders.h">
      <Filter>Header Files</Filter>
    </ClInclude>
    <ClInclude Include="GPURaycaster.h">
      <Filter>Header Files</Filter>
    </ClInclude>
    <ClInclude Include="Shader.h">
      <Filter>Header Files</Filter>
    </ClInclude>
    <ClInclude Include="ShaderManager.h">
      <Filter>Header Files</Filter>
    </ClInclude>
    <ClInclude Include="tinyxml2.h">
      <Filter>Header Files</Filter>
    </ClInclude>
    <ClInclude Include="TransferFunction.h">
      <Filter>Header Files</Filter>
    </ClInclude>
    <ClInclude Include="VolumeDataset.h">
      <Filter>Header Files</Filter>
    </ClInclude>
    <ClInclude Include="VoxelReader.h">
      <Filter>Header Files</Filter>
    </ClInclude>
    <ClInclude Include="VisibilityHist.h">
      <Filter>Header Files</Filter>
    </ClInclude>
  </ItemGroup>
  <ItemGroup>
    <Text Include="SimpleFragShader.txt">
      <Filter>Resource Files</Filter>
    </Text>
    <Text Include="SimpleVertShader.txt">
      <Filter>Resource Files</Filter>
    </Text>
    <Text Include="TextureFragShader.txt">
      <Filter>Resource Files</Filter>
    </Text>
    <Text Include="TextureVertShader.txt">
      <Filter>Resource Files</Filter>
    </Text>
    <Text Include="TransFuncFragShader.txt">
      <Filter>Resource Files</Filter>
    </Text>
    <Text Include="TransFuncVertShader.txt">
      <Filter>Resource Files</Filter>
    </Text>
    <Text Include="VisibilityFragShader.txt">
      <Filter>Resource Files</Filter>
    </Text>
    <Text Include="VisibilityVertShader.txt">
      <Filter>Resource Files</Filter>
    </Text>
  </ItemGroup>
  <ItemGroup>
    <CudaCompile Include="VisibilityHist.cu">
      <Filter>Source Files</Filter>
    </CudaCompile>
  </ItemGroup>
</Project>